
Microsoft Visual Studio Solution File, Format Version 12.00
# Visual Studio 15
VisualStudioVersion = 15.0.28307.329
MinimumVisualStudioVersion = 10.0.40219.1
Project("{2150E333-8FDC-42A3-9474-1A3956D46DE8}") = "Services", "Services", "{80525899-A748-4BB7-A332-F8554D65094E}"
EndProject
Project("{9A19103F-16F7-4668-BE54-9A1E7A4F7556}") = "Shipment.API", "Rental.API\Shipment.API.csproj", "{0E494173-F1B1-497B-AA96-EA1864A380FD}"
EndProject
Project("{9A19103F-16F7-4668-BE54-9A1E7A4F7556}") = "Billing.API", "Billing.API\Billing.API.csproj", "{D712F31B-525B-4387-8724-3ED166CB50C0}"
EndProject
Project("{9A19103F-16F7-4668-BE54-9A1E7A4F7556}") = "Registration.API", "Registration.API\Registration.API.csproj", "{DC64477E-EB3D-4B74-8789-C31DBF86B409}"
EndProject
Project("{9A19103F-16F7-4668-BE54-9A1E7A4F7556}") = "Inventory.API", "Inventory.API\Inventory.API.csproj", "{E39F6898-83F1-46E9-851D-B9B22386FACD}"
EndProject
Project("{2150E333-8FDC-42A3-9474-1A3956D46DE8}") = "Billing", "Billing", "{C8F1A385-7756-46B6-87A3-3C323C834FC1}"
EndProject
Project("{2150E333-8FDC-42A3-9474-1A3956D46DE8}") = "Inventory", "Inventory", "{B9686A12-EB30-4914-8CB7-F4F979138351}"
EndProject
Project("{2150E333-8FDC-42A3-9474-1A3956D46DE8}") = "Registration", "Registration", "{AC7DE692-0DDE-4EE3-ABC2-45C4E7E7156B}"
EndProject
Project("{2150E333-8FDC-42A3-9474-1A3956D46DE8}") = "Shipment", "Shipment", "{367A6E61-78C6-4399-8EDA-82550A5E7A92}"
EndProject
Project("{2150E333-8FDC-42A3-9474-1A3956D46DE8}") = "ApiGateways", "ApiGateways", "{5B33A103-8117-4679-9A61-69AA411E6057}"
EndProject
Project("{2150E333-8FDC-42A3-9474-1A3956D46DE8}") = "Base", "Base", "{89873033-82D2-4908-BC82-17A7A2DFD980}"
EndProject
Project("{9A19103F-16F7-4668-BE54-9A1E7A4F7556}") = "OcelotApiGateway", "OcelotApiGateway\OcelotApiGateway.csproj", "{CE7A9093-23A6-4125-B3F3-2A532EDA2EAA}"
EndProject
Project("{2150E333-8FDC-42A3-9474-1A3956D46DE8}") = "Web.Bff.Library", "Web.Bff.Library", "{CEDC76D0-E565-4352-90D4-F77C3B8E6203}"
EndProject
Project("{9A19103F-16F7-4668-BE54-9A1E7A4F7556}") = "Web.Library.HttpAggregator", "Web.Library.HttpAggregator\Web.Library.HttpAggregator.csproj", "{D37CD77A-6073-4477-87E4-171F77914ABE}"
EndProject
Project("{2150E333-8FDC-42A3-9474-1A3956D46DE8}") = "Bus", "Bus", "{F541DEA9-F106-49E5-9135-A117742735DD}"
EndProject
Project("{FAE04EC0-301F-11D3-BF4B-00C04F79EFBC}") = "EventBus", "EventBus\EventBus.csproj", "{AE5D8F71-44BC-4A15-A294-F8C19CA1F8C7}"
EndProject
Global
	GlobalSection(SolutionConfigurationPlatforms) = preSolution
		Debug|Any CPU = Debug|Any CPU
		Release|Any CPU = Release|Any CPU
	EndGlobalSection
	GlobalSection(ProjectConfigurationPlatforms) = postSolution
		{0E494173-F1B1-497B-AA96-EA1864A380FD}.Debug|Any CPU.ActiveCfg = Debug|Any CPU
		{0E494173-F1B1-497B-AA96-EA1864A380FD}.Debug|Any CPU.Build.0 = Debug|Any CPU
		{0E494173-F1B1-497B-AA96-EA1864A380FD}.Release|Any CPU.ActiveCfg = Release|Any CPU
		{0E494173-F1B1-497B-AA96-EA1864A380FD}.Release|Any CPU.Build.0 = Release|Any CPU
		{D712F31B-525B-4387-8724-3ED166CB50C0}.Debug|Any CPU.ActiveCfg = Debug|Any CPU
		{D712F31B-525B-4387-8724-3ED166CB50C0}.Debug|Any CPU.Build.0 = Debug|Any CPU
		{D712F31B-525B-4387-8724-3ED166CB50C0}.Release|Any CPU.ActiveCfg = Release|Any CPU
		{D712F31B-525B-4387-8724-3ED166CB50C0}.Release|Any CPU.Build.0 = Release|Any CPU
		{DC64477E-EB3D-4B74-8789-C31DBF86B409}.Debug|Any CPU.ActiveCfg = Debug|Any CPU
		{DC64477E-EB3D-4B74-8789-C31DBF86B409}.Debug|Any CPU.Build.0 = Debug|Any CPU
		{DC64477E-EB3D-4B74-8789-C31DBF86B409}.Release|Any CPU.ActiveCfg = Release|Any CPU
		{DC64477E-EB3D-4B74-8789-C31DBF86B409}.Release|Any CPU.Build.0 = Release|Any CPU
		{E39F6898-83F1-46E9-851D-B9B22386FACD}.Debug|Any CPU.ActiveCfg = Debug|Any CPU
		{E39F6898-83F1-46E9-851D-B9B22386FACD}.Debug|Any CPU.Build.0 = Debug|Any CPU
		{E39F6898-83F1-46E9-851D-B9B22386FACD}.Release|Any CPU.ActiveCfg = Release|Any CPU
		{E39F6898-83F1-46E9-851D-B9B22386FACD}.Release|Any CPU.Build.0 = Release|Any CPU
		{CE7A9093-23A6-4125-B3F3-2A532EDA2EAA}.Debug|Any CPU.ActiveCfg = Debug|Any CPU
		{CE7A9093-23A6-4125-B3F3-2A532EDA2EAA}.Debug|Any CPU.Build.0 = Debug|Any CPU
		{CE7A9093-23A6-4125-B3F3-2A532EDA2EAA}.Release|Any CPU.ActiveCfg = Release|Any CPU
		{CE7A9093-23A6-4125-B3F3-2A532EDA2EAA}.Release|Any CPU.Build.0 = Release|Any CPU
		{D37CD77A-6073-4477-87E4-171F77914ABE}.Debug|Any CPU.ActiveCfg = Debug|Any CPU
		{D37CD77A-6073-4477-87E4-171F77914ABE}.Debug|Any CPU.Build.0 = Debug|Any CPU
		{D37CD77A-6073-4477-87E4-171F77914ABE}.Release|Any CPU.ActiveCfg = Release|Any CPU
		{D37CD77A-6073-4477-87E4-171F77914ABE}.Release|Any CPU.Build.0 = Release|Any CPU
		{AE5D8F71-44BC-4A15-A294-F8C19CA1F8C7}.Debug|Any CPU.ActiveCfg = Debug|Any CPU
		{AE5D8F71-44BC-4A15-A294-F8C19CA1F8C7}.Debug|Any CPU.Build.0 = Debug|Any CPU
		{AE5D8F71-44BC-4A15-A294-F8C19CA1F8C7}.Release|Any CPU.ActiveCfg = Release|Any CPU
		{AE5D8F71-44BC-4A15-A294-F8C19CA1F8C7}.Release|Any CPU.Build.0 = Release|Any CPU
	EndGlobalSection
	GlobalSection(SolutionProperties) = preSolution
		HideSolutionNode = FALSE
	EndGlobalSection
	GlobalSection(NestedProjects) = preSolution
		{0E494173-F1B1-497B-AA96-EA1864A380FD} = {367A6E61-78C6-4399-8EDA-82550A5E7A92}
		{D712F31B-525B-4387-8724-3ED166CB50C0} = {C8F1A385-7756-46B6-87A3-3C323C834FC1}
		{DC64477E-EB3D-4B74-8789-C31DBF86B409} = {AC7DE692-0DDE-4EE3-ABC2-45C4E7E7156B}
		{E39F6898-83F1-46E9-851D-B9B22386FACD} = {B9686A12-EB30-4914-8CB7-F4F979138351}
		{C8F1A385-7756-46B6-87A3-3C323C834FC1} = {80525899-A748-4BB7-A332-F8554D65094E}
		{B9686A12-EB30-4914-8CB7-F4F979138351} = {80525899-A748-4BB7-A332-F8554D65094E}
		{AC7DE692-0DDE-4EE3-ABC2-45C4E7E7156B} = {80525899-A748-4BB7-A332-F8554D65094E}
		{367A6E61-78C6-4399-8EDA-82550A5E7A92} = {80525899-A748-4BB7-A332-F8554D65094E}
		{89873033-82D2-4908-BC82-17A7A2DFD980} = {5B33A103-8117-4679-9A61-69AA411E6057}
		{CE7A9093-23A6-4125-B3F3-2A532EDA2EAA} = {89873033-82D2-4908-BC82-17A7A2DFD980}
		{CEDC76D0-E565-4352-90D4-F77C3B8E6203} = {5B33A103-8117-4679-9A61-69AA411E6057}
		{D37CD77A-6073-4477-87E4-171F77914ABE} = {CEDC76D0-E565-4352-90D4-F77C3B8E6203}
		{AE5D8F71-44BC-4A15-A294-F8C19CA1F8C7} = {F541DEA9-F106-49E5-9135-A117742735DD}
	EndGlobalSection
	GlobalSection(ExtensibilityGlobals) = postSolution
		SolutionGuid = {73CBC6EA-BA6F-4A5A-AE9D-C94BA08DED59}
	EndGlobalSection
EndGlobal
